
Microsoft Visual Studio Solution File, Format Version 12.00
# Visual Studio Version 17
VisualStudioVersion = 17.4.33103.184
MinimumVisualStudioVersion = 10.0.40219.1
Project("{FAE04EC0-301F-11D3-BF4B-00C04F79EFBC}") = "CompanyEmployeesWPF", "CompanyEmployeesWPF.csproj", "{77759D9F-20AC-47A1-A9E0-33DC175D93DB}"
EndProject
Global
	GlobalSection(SolutionConfigurationPlatforms) = preSolution
		Debug|Any CPU = Debug|Any CPU
		Release|Any CPU = Release|Any CPU
	EndGlobalSection
	GlobalSection(ProjectConfigurationPlatforms) = postSolution
		{77759D9F-20AC-47A1-A9E0-33DC175D93DB}.Debug|Any CPU.ActiveCfg = Debug|Any CPU
		{77759D9F-20AC-47A1-A9E0-33DC175D93DB}.Debug|Any CPU.Build.0 = Debug|Any CPU
		{77759D9F-20AC-47A1-A9E0-33DC175D93DB}.Release|Any CPU.ActiveCfg = Release|Any CPU
		{77759D9F-20AC-47A1-A9E0-33DC175D93DB}.Release|Any CPU.Build.0 = Release|Any CPU
	EndGlobalSection
	GlobalSection(SolutionProperties) = preSolution
		HideSolutionNode = FALSE
	EndGlobalSection
	GlobalSection(ExtensibilityGlobals) = postSolution
		SolutionGuid = {05B86C1A-0914-4CEF-86AE-662B7272C855}
	EndGlobalSection
EndGlobal
